
Microsoft Visual Studio Solution File, Format Version 12.00
# Visual Studio Version 16
VisualStudioVersion = 16.0.31829.152
MinimumVisualStudioVersion = 10.0.40219.1
Project("{FAE04EC0-301F-11D3-BF4B-00C04F79EFBC}") = "MillenniumWebApplication", "MillenniumWebApplication\MillenniumWebApplication.csproj", "{928960D5-331B-4306-AD8F-9D0F0912502E}"
EndProject
Project("{FAE04EC0-301F-11D3-BF4B-00C04F79EFBC}") = "MillenniumWebApplication.Tests", "MillenniumWebApplication.Tests\MillenniumWebApplication.Tests.csproj", "{E5EFEBE2-5C8E-4195-9D48-7B46197179F5}"
EndProject
Global
	GlobalSection(SolutionConfigurationPlatforms) = preSolution
		Debug|Any CPU = Debug|Any CPU
		Release|Any CPU = Release|Any CPU
	EndGlobalSection
	GlobalSection(ProjectConfigurationPlatforms) = postSolution
		{928960D5-331B-4306-AD8F-9D0F0912502E}.Debug|Any CPU.ActiveCfg = Debug|Any CPU
		{928960D5-331B-4306-AD8F-9D0F0912502E}.Debug|Any CPU.Build.0 = Debug|Any CPU
		{928960D5-331B-4306-AD8F-9D0F0912502E}.Release|Any CPU.ActiveCfg = Release|Any CPU
		{928960D5-331B-4306-AD8F-9D0F0912502E}.Release|Any CPU.Build.0 = Release|Any CPU
		{E5EFEBE2-5C8E-4195-9D48-7B46197179F5}.Debug|Any CPU.ActiveCfg = Debug|Any CPU
		{E5EFEBE2-5C8E-4195-9D48-7B46197179F5}.Debug|Any CPU.Build.0 = Debug|Any CPU
		{E5EFEBE2-5C8E-4195-9D48-7B46197179F5}.Release|Any CPU.ActiveCfg = Release|Any CPU
		{E5EFEBE2-5C8E-4195-9D48-7B46197179F5}.Release|Any CPU.Build.0 = Release|Any CPU
	EndGlobalSection
	GlobalSection(SolutionProperties) = preSolution
		HideSolutionNode = FALSE
	EndGlobalSection
	GlobalSection(ExtensibilityGlobals) = postSolution
		SolutionGuid = {60F36F0E-882D-469D-AAAF-4E5BE69E6AAB}
	EndGlobalSection
EndGlobal
